github.com/TheTitanrain/w32 v0.0.0-20180517000239-4f5cfb03fabf h1:FPsprx82rdrX2jiKyS17BH6IrTmUBYqZa/CXT4uvb+I=
github.com/TheTitanrain/w32 v0.0.0-20180517000239-4f5cfb03fabf/go.mod h1:peYoMncQljjNS6tZwI9WVyQB3qZS6u79/N3mBOcnd3I=
github.com/gen2brain/raylib-go/raylib v0.0.0-20221204123137-d6b1dea578e9 h1:AOUfofrygUgRe5Ih6a9VTQjU2I+9eesX9Cx9muo4BR8=
github.com/gen2brain/raylib-go/raylib v0.0.0-20221204123137-d6b1dea578e9/go.mod h1:+NbsqGlEQqGqrsgJFF5Yj2dkvn0ML2SQb8RqM2hJsPU=
github.com/sqweek/dialog v0.0.0-20220809060634-e981b270ebbf h1:pCxn3BCfu8n8VUhYl4zS1BftoZoYY0J4qVF3dqAQ4aU=
github.com/sqweek/dialog v0.0.0-20220809060634-e981b270ebbf/go.mod h1:/qNPSY91qTz/8TgHEMioAUc6q7+3SOybeKczHMXFcXw=
